// !$*UTF8*$!
{
	archiveVersion = 1;
	classes = {
	};
	objectVersion = 46;
	objects = {

/* Begin PBXBuildFile section */
		6D0372B41FD341AB00FDD947 /* HomePage.swift in Sources */ = {isa = PBXBuildFile; fileRef = 6D0372B31FD341AB00FDD947 /* HomePage.swift */; };
		6D1896661FB6C4FB0087C3EC /* ConstitutionWebViewViewController.swift in Sources */ = {isa = PBXBuildFile; fileRef = 6D1896641FB6C4FB0087C3EC /* ConstitutionWebViewViewController.swift */; };
		6D1896671FB6C4FB0087C3EC /* ChapterInfoViewController.swift in Sources */ = {isa = PBXBuildFile; fileRef = 6D1896651FB6C4FB0087C3EC /* ChapterInfoViewController.swift */; };
		6D18966B1FB6C5080087C3EC /* FoundingFatherViewController.swift in Sources */ = {isa = PBXBuildFile; fileRef = 6D1896691FB6C5080087C3EC /* FoundingFatherViewController.swift */; };
		6D2C8C481FD2409F00C62222 /* MasterControllsViewController.swift in Sources */ = {isa = PBXBuildFile; fileRef = 6D2C8C471FD2409F00C62222 /* MasterControllsViewController.swift */; };
		6D2E2E3D1FA67B0D001BF8D0 /* ForumViewController.swift in Sources */ = {isa = PBXBuildFile; fileRef = 6D2E2E3C1FA67B0D001BF8D0 /* ForumViewController.swift */; };
		6D39D94D1FB27FFA001CE6D8 /* MembersViewController.swift in Sources */ = {isa = PBXBuildFile; fileRef = 6D39D94C1FB27FFA001CE6D8 /* MembersViewController.swift */; };
		6D39D94F1FB28093001CE6D8 /* MemberCollectionViewCell.swift in Sources */ = {isa = PBXBuildFile; fileRef = 6D39D94E1FB28093001CE6D8 /* MemberCollectionViewCell.swift */; };
		6D42ED641FCA0473003FFB07 /* CreatePostViewController.swift in Sources */ = {isa = PBXBuildFile; fileRef = 6D42ED631FCA0473003FFB07 /* CreatePostViewController.swift */; };
		6D5005EC1FC3D151007C21B5 /* PollViewResultsController.swift in Sources */ = {isa = PBXBuildFile; fileRef = 6D5005EB1FC3D151007C21B5 /* PollViewResultsController.swift */; };
		6D806DAC1FAAB53F00D80CC2 /* MainConfig.plist in Resources */ = {isa = PBXBuildFile; fileRef = 6D806DAB1FAAB53F00D80CC2 /* MainConfig.plist */; };
		6D806DAE1FAAB5F200D80CC2 /* Configuration.swift in Sources */ = {isa = PBXBuildFile; fileRef = 6D806DAD1FAAB5F200D80CC2 /* Configuration.swift */; };
		6D806DB01FAABD2500D80CC2 /* Docs in Resources */ = {isa = PBXBuildFile; fileRef = 6D806DAF1FAABD2500D80CC2 /* Docs */; };
		6D8352131FCF7E07007C495D /* CreateAccountViewController.swift in Sources */ = {isa = PBXBuildFile; fileRef = 6D8352121FCF7E07007C495D /* CreateAccountViewController.swift */; };
		6D95B7AC1F9AC72D004EC3A3 /* GoogleService-Info.plist in Resources */ = {isa = PBXBuildFile; fileRef = 6D95B7AB1F9AC72D004EC3A3 /* GoogleService-Info.plist */; };
		6D95B7AD1F9AC72D004EC3A3 /* GoogleService-Info.plist in Resources */ = {isa = PBXBuildFile; fileRef = 6D95B7AB1F9AC72D004EC3A3 /* GoogleService-Info.plist */; };
		6D95B7AE1F9AC72D004EC3A3 /* GoogleService-Info.plist in Resources */ = {isa = PBXBuildFile; fileRef = 6D95B7AB1F9AC72D004EC3A3 /* GoogleService-Info.plist */; };
		6D9A88811F9BCE820051B71F /* LoginController.swift in Sources */ = {isa = PBXBuildFile; fileRef = 6D9A88801F9BCE820051B71F /* LoginController.swift */; };
		6DAC82A61FB2954F00D468B1 /* CalendarViewController.swift in Sources */ = {isa = PBXBuildFile; fileRef = 6DAC82A41FB2954F00D468B1 /* CalendarViewController.swift */; };
		6DCAFF081F9AC46F00D1311E /* AppDelegate.swift in Sources */ = {isa = PBXBuildFile; fileRef = 6DCAFF071F9AC46F00D1311E /* AppDelegate.swift */; };
		6DCAFF0F1F9AC46F00D1311E /* Main.storyboard in Resources */ = {isa = PBXBuildFile; fileRef = 6DCAFF0D1F9AC46F00D1311E /* Main.storyboard */; };
		6DCAFF111F9AC46F00D1311E /* Assets.xcassets in Resources */ = {isa = PBXBuildFile; fileRef = 6DCAFF101F9AC46F00D1311E /* Assets.xcassets */; };
		6DCAFF141F9AC46F00D1311E /* LaunchScreen.storyboard in Resources */ = {isa = PBXBuildFile; fileRef = 6DCAFF121F9AC46F00D1311E /* LaunchScreen.storyboard */; };
		6DCAFF1F1F9AC46F00D1311E /* Greek_LifeTests.swift in Sources */ = {isa = PBXBuildFile; fileRef = 6DCAFF1E1F9AC46F00D1311E /* Greek_LifeTests.swift */; };
		6DCAFF2A1F9AC46F00D1311E /* Greek_LifeUITests.swift in Sources */ = {isa = PBXBuildFile; fileRef = 6DCAFF291F9AC46F00D1311E /* Greek_LifeUITests.swift */; };
		6DD95E6A1F9D306400894B0F /* Tools.swift in Sources */ = {isa = PBXBuildFile; fileRef = 6DD95E691F9D306400894B0F /* Tools.swift */; };
		6DE7156F1FB7A36E0061A7AC /* CreatePollViewController.swift in Sources */ = {isa = PBXBuildFile; fileRef = 6DE7156E1FB7A36E0061A7AC /* CreatePollViewController.swift */; };
		6DF4D1331FA28F5400EA86E8 /* Icons in Resources */ = {isa = PBXBuildFile; fileRef = 6DF4D1321FA28F5400EA86E8 /* Icons */; };
		6DF68DB71FACD989006E0B76 /* CommentViewController.swift in Sources */ = {isa = PBXBuildFile; fileRef = 6DF68DB61FACD989006E0B76 /* CommentViewController.swift */; };
		6DF7DC5E1FBA118700155E23 /* PollViewController.swift in Sources */ = {isa = PBXBuildFile; fileRef = 6DF7DC5D1FBA118700155E23 /* PollViewController.swift */; };
		DD2ACC8B36E3DAEC6AA5E24F /* Pods_Greek_LifeTests.framework in Frameworks */ = {isa = PBXBuildFile; fileRef = D733E150940496D98BD83622 /* Pods_Greek_LifeTests.framework */; };
		E46E9A7F5A892FE2BC73BB13 /* Pods_Greek_LifeUITests.framework in Frameworks */ = {isa = PBXBuildFile; fileRef = 28671ACEC86852828460720F /* Pods_Greek_LifeUITests.framework */; };
		F8097DCECAAF0F3DE317CE9F /* Pods_Greek_Life.framework in Frameworks */ = {isa = PBXBuildFile; fileRef = 2CBFC2FC5943F408FDB76E4F /* Pods_Greek_Life.framework */; };
/* End PBXBuildFile section */

/* Begin PBXContainerItemProxy section */
		6DCAFF1B1F9AC46F00D1311E /* PBXContainerItemProxy */ = {
			isa = PBXContainerItemProxy;
			containerPortal = 6DCAFEFC1F9AC46F00D1311E /* Project object */;
			proxyType = 1;
			remoteGlobalIDString = 6DCAFF031F9AC46F00D1311E;
			remoteInfo = "Greek Life";
		};
		6DCAFF261F9AC46F00D1311E /* PBXContainerItemProxy */ = {
			isa = PBXContainerItemProxy;
			containerPortal = 6DCAFEFC1F9AC46F00D1311E /* Project object */;
			proxyType = 1;
			remoteGlobalIDString = 6DCAFF031F9AC46F00D1311E;
			remoteInfo = "Greek Life";
		};
/* End PBXContainerItemProxy section */

/* Begin PBXFileReference section */
		14BDDA91D5412924863B843B /* Pods-Greek LifeUITests.debug.xcconfig */ = {isa = PBXFileReference; includeInIndex = 1; lastKnownFileType = text.xcconfig; name = "Pods-Greek LifeUITests.debug.xcconfig"; path = "Pods/Target Support Files/Pods-Greek LifeUITests/Pods-Greek LifeUITests.debug.xcconfig"; sourceTree = "<group>"; };
		28671ACEC86852828460720F /* Pods_Greek_LifeUITests.framework */ = {isa = PBXFileReference; explicitFileType = wrapper.framework; includeInIndex = 0; path = Pods_Greek_LifeUITests.framework; sourceTree = BUILT_PRODUCTS_DIR; };
		2CBFC2FC5943F408FDB76E4F /* Pods_Greek_Life.framework */ = {isa = PBXFileReference; explicitFileType = wrapper.framework; includeInIndex = 0; path = Pods_Greek_Life.framework; sourceTree = BUILT_PRODUCTS_DIR; };
		38B7D48EC2D33636B0CD21CB /* Pods-Greek Life.release.xcconfig */ = {isa = PBXFileReference; includeInIndex = 1; lastKnownFileType = text.xcconfig; name = "Pods-Greek Life.release.xcconfig"; path = "Pods/Target Support Files/Pods-Greek Life/Pods-Greek Life.release.xcconfig"; sourceTree = "<group>"; };
		51E2CF9D00CB950F66234C9B /* Pods-Greek LifeTests.debug.xcconfig */ = {isa = PBXFileReference; includeInIndex = 1; lastKnownFileType = text.xcconfig; name = "Pods-Greek LifeTests.debug.xcconfig"; path = "Pods/Target Support Files/Pods-Greek LifeTests/Pods-Greek LifeTests.debug.xcconfig"; sourceTree = "<group>"; };
		54075C3988D567332DE403D0 /* Pods-Greek Life.debug.xcconfig */ = {isa = PBXFileReference; includeInIndex = 1; lastKnownFileType = text.xcconfig; name = "Pods-Greek Life.debug.xcconfig"; path = "Pods/Target Support Files/Pods-Greek Life/Pods-Greek Life.debug.xcconfig"; sourceTree = "<group>"; };
		6D0372B31FD341AB00FDD947 /* HomePage.swift */ = {isa = PBXFileReference; lastKnownFileType = sourcecode.swift; path = HomePage.swift; sourceTree = "<group>"; };
		6D1896641FB6C4FB0087C3EC /* ConstitutionWebViewViewController.swift */ = {isa = PBXFileReference; fileEncoding = 4; lastKnownFileType = sourcecode.swift; path = ConstitutionWebViewViewController.swift; sourceTree = "<group>"; };
		6D1896651FB6C4FB0087C3EC /* ChapterInfoViewController.swift */ = {isa = PBXFileReference; fileEncoding = 4; lastKnownFileType = sourcecode.swift; path = ChapterInfoViewController.swift; sourceTree = "<group>"; };
		6D1896691FB6C5080087C3EC /* FoundingFatherViewController.swift */ = {isa = PBXFileReference; fileEncoding = 4; lastKnownFileType = sourcecode.swift; path = FoundingFatherViewController.swift; sourceTree = "<group>"; };
		6D2C8C471FD2409F00C62222 /* MasterControllsViewController.swift */ = {isa = PBXFileReference; lastKnownFileType = sourcecode.swift; path = MasterControllsViewController.swift; sourceTree = "<group>"; };
		6D2E2E3C1FA67B0D001BF8D0 /* ForumViewController.swift */ = {isa = PBXFileReference; lastKnownFileType = sourcecode.swift; path = ForumViewController.swift; sourceTree = "<group>"; };
		6D39D94C1FB27FFA001CE6D8 /* MembersViewController.swift */ = {isa = PBXFileReference; lastKnownFileType = sourcecode.swift; path = MembersViewController.swift; sourceTree = "<group>"; };
		6D39D94E1FB28093001CE6D8 /* MemberCollectionViewCell.swift */ = {isa = PBXFileReference; lastKnownFileType = sourcecode.swift; path = MemberCollectionViewCell.swift; sourceTree = "<group>"; };
		6D42ED631FCA0473003FFB07 /* CreatePostViewController.swift */ = {isa = PBXFileReference; lastKnownFileType = sourcecode.swift; path = CreatePostViewController.swift; sourceTree = "<group>"; };
		6D5005EB1FC3D151007C21B5 /* PollViewResultsController.swift */ = {isa = PBXFileReference; lastKnownFileType = sourcecode.swift; path = PollViewResultsController.swift; sourceTree = "<group>"; };
		6D806DAB1FAAB53F00D80CC2 /* MainConfig.plist */ = {isa = PBXFileReference; lastKnownFileType = text.plist.xml; path = MainConfig.plist; sourceTree = "<group>"; };
		6D806DAD1FAAB5F200D80CC2 /* Configuration.swift */ = {isa = PBXFileReference; lastKnownFileType = sourcecode.swift; path = Configuration.swift; sourceTree = "<group>"; };
		6D806DAF1FAABD2500D80CC2 /* Docs */ = {isa = PBXFileReference; lastKnownFileType = folder; path = Docs; sourceTree = "<group>"; };
		6D8352121FCF7E07007C495D /* CreateAccountViewController.swift */ = {isa = PBXFileReference; lastKnownFileType = sourcecode.swift; path = CreateAccountViewController.swift; sourceTree = "<group>"; };
		6D95B7AB1F9AC72D004EC3A3 /* GoogleService-Info.plist */ = {isa = PBXFileReference; fileEncoding = 4; lastKnownFileType = text.plist.xml; path = "GoogleService-Info.plist"; sourceTree = "<group>"; };
		6D9A88801F9BCE820051B71F /* LoginController.swift */ = {isa = PBXFileReference; fileEncoding = 4; lastKnownFileType = sourcecode.swift; path = LoginController.swift; sourceTree = "<group>"; };
		6DAC82A41FB2954F00D468B1 /* CalendarViewController.swift */ = {isa = PBXFileReference; fileEncoding = 4; lastKnownFileType = sourcecode.swift; path = CalendarViewController.swift; sourceTree = "<group>"; };
		6DCAFF041F9AC46F00D1311E /* Greek Life.app */ = {isa = PBXFileReference; explicitFileType = wrapper.application; includeInIndex = 0; path = "Greek Life.app"; sourceTree = BUILT_PRODUCTS_DIR; };
		6DCAFF071F9AC46F00D1311E /* AppDelegate.swift */ = {isa = PBXFileReference; lastKnownFileType = sourcecode.swift; path = AppDelegate.swift; sourceTree = "<group>"; };
		6DCAFF0E1F9AC46F00D1311E /* Base */ = {isa = PBXFileReference; lastKnownFileType = file.storyboard; name = Base; path = Base.lproj/Main.storyboard; sourceTree = "<group>"; };
		6DCAFF101F9AC46F00D1311E /* Assets.xcassets */ = {isa = PBXFileReference; lastKnownFileType = folder.assetcatalog; path = Assets.xcassets; sourceTree = "<group>"; };
		6DCAFF131F9AC46F00D1311E /* Base */ = {isa = PBXFileReference; lastKnownFileType = file.storyboard; name = Base; path = Base.lproj/LaunchScreen.storyboard; sourceTree = "<group>"; };
		6DCAFF151F9AC46F00D1311E /* Info.plist */ = {isa = PBXFileReference; lastKnownFileType = text.plist.xml; path = Info.plist; sourceTree = "<group>"; };
		6DCAFF1A1F9AC46F00D1311E /* Greek LifeTests.xctest */ = {isa = PBXFileReference; explicitFileType = wrapper.cfbundle; includeInIndex = 0; path = "Greek LifeTests.xctest"; sourceTree = BUILT_PRODUCTS_DIR; };
		6DCAFF1E1F9AC46F00D1311E /* Greek_LifeTests.swift */ = {isa = PBXFileReference; lastKnownFileType = sourcecode.swift; path = Greek_LifeTests.swift; sourceTree = "<group>"; };
		6DCAFF201F9AC46F00D1311E /* Info.plist */ = {isa = PBXFileReference; lastKnownFileType = text.plist.xml; path = Info.plist; sourceTree = "<group>"; };
		6DCAFF251F9AC46F00D1311E /* Greek LifeUITests.xctest */ = {isa = PBXFileReference; explicitFileType = wrapper.cfbundle; includeInIndex = 0; path = "Greek LifeUITests.xctest"; sourceTree = BUILT_PRODUCTS_DIR; };
		6DCAFF291F9AC46F00D1311E /* Greek_LifeUITests.swift */ = {isa = PBXFileReference; lastKnownFileType = sourcecode.swift; path = Greek_LifeUITests.swift; sourceTree = "<group>"; };
		6DCAFF2B1F9AC46F00D1311E /* Info.plist */ = {isa = PBXFileReference; lastKnownFileType = text.plist.xml; path = Info.plist; sourceTree = "<group>"; };
		6DD95E691F9D306400894B0F /* Tools.swift */ = {isa = PBXFileReference; fileEncoding = 4; lastKnownFileType = sourcecode.swift; path = Tools.swift; sourceTree = "<group>"; };
		6DE7156E1FB7A36E0061A7AC /* CreatePollViewController.swift */ = {isa = PBXFileReference; lastKnownFileType = sourcecode.swift; path = CreatePollViewController.swift; sourceTree = "<group>"; };
		6DF4D1321FA28F5400EA86E8 /* Icons */ = {isa = PBXFileReference; lastKnownFileType = folder; path = Icons; sourceTree = "<group>"; };
		6DF68DB61FACD989006E0B76 /* CommentViewController.swift */ = {isa = PBXFileReference; lastKnownFileType = sourcecode.swift; path = CommentViewController.swift; sourceTree = "<group>"; };
		6DF7DC5D1FBA118700155E23 /* PollViewController.swift */ = {isa = PBXFileReference; lastKnownFileType = sourcecode.swift; path = PollViewController.swift; sourceTree = "<group>"; };
		A02B277DDDEBFA4F94517A05 /* Pods-Greek LifeUITests.release.xcconfig */ = {isa = PBXFileReference; includeInIndex = 1; lastKnownFileType = text.xcconfig; name = "Pods-Greek LifeUITests.release.xcconfig"; path = "Pods/Target Support Files/Pods-Greek LifeUITests/Pods-Greek LifeUITests.release.xcconfig"; sourceTree = "<group>"; };
		ABC78943538C4DFF004622E8 /* Pods-Greek LifeTests.release.xcconfig */ = {isa = PBXFileReference; includeInIndex = 1; lastKnownFileType = text.xcconfig; name = "Pods-Greek LifeTests.release.xcconfig"; path = "Pods/Target Support Files/Pods-Greek LifeTests/Pods-Greek LifeTests.release.xcconfig"; sourceTree = "<group>"; };
		D733E150940496D98BD83622 /* Pods_Greek_LifeTests.framework */ = {isa = PBXFileReference; explicitFileType = wrapper.framework; includeInIndex = 0; path = Pods_Greek_LifeTests.framework; sourceTree = BUILT_PRODUCTS_DIR; };
/* End PBXFileReference section */

/* Begin PBXFrameworksBuildPhase section */
		6DCAFF011F9AC46F00D1311E /* Frameworks */ = {
			isa = PBXFrameworksBuildPhase;
			buildActionMask = 2147483647;
			files = (
				F8097DCECAAF0F3DE317CE9F /* Pods_Greek_Life.framework in Frameworks */,
			);
			runOnlyForDeploymentPostprocessing = 0;
		};
		6DCAFF171F9AC46F00D1311E /* Frameworks */ = {
			isa = PBXFrameworksBuildPhase;
			buildActionMask = 2147483647;
			files = (
				DD2ACC8B36E3DAEC6AA5E24F /* Pods_Greek_LifeTests.framework in Frameworks */,
			);
			runOnlyForDeploymentPostprocessing = 0;
		};
		6DCAFF221F9AC46F00D1311E /* Frameworks */ = {
			isa = PBXFrameworksBuildPhase;
			buildActionMask = 2147483647;
			files = (
				E46E9A7F5A892FE2BC73BB13 /* Pods_Greek_LifeUITests.framework in Frameworks */,
			);
			runOnlyForDeploymentPostprocessing = 0;
		};
/* End PBXFrameworksBuildPhase section */

/* Begin PBXGroup section */
		3886404CA024B5D4BE9B6A12 /* Frameworks */ = {
			isa = PBXGroup;
			children = (
				2CBFC2FC5943F408FDB76E4F /* Pods_Greek_Life.framework */,
				D733E150940496D98BD83622 /* Pods_Greek_LifeTests.framework */,
				28671ACEC86852828460720F /* Pods_Greek_LifeUITests.framework */,
			);
			name = Frameworks;
			sourceTree = "<group>";
		};
		6DCAFEFB1F9AC46F00D1311E = {
			isa = PBXGroup;
			children = (
				6DCAFF061F9AC46F00D1311E /* Greek Life */,
				6DCAFF1D1F9AC46F00D1311E /* Greek LifeTests */,
				6DCAFF281F9AC46F00D1311E /* Greek LifeUITests */,
				6DCAFF051F9AC46F00D1311E /* Products */,
				7D3449A9A9B82DC26FFAC068 /* Pods */,
				3886404CA024B5D4BE9B6A12 /* Frameworks */,
			);
			sourceTree = "<group>";
		};
		6DCAFF051F9AC46F00D1311E /* Products */ = {
			isa = PBXGroup;
			children = (
				6DCAFF041F9AC46F00D1311E /* Greek Life.app */,
				6DCAFF1A1F9AC46F00D1311E /* Greek LifeTests.xctest */,
				6DCAFF251F9AC46F00D1311E /* Greek LifeUITests.xctest */,
			);
			name = Products;
			sourceTree = "<group>";
		};
		6DCAFF061F9AC46F00D1311E /* Greek Life */ = {
			isa = PBXGroup;
			children = (
				6DF4D1321FA28F5400EA86E8 /* Icons */,
				6D95B7AB1F9AC72D004EC3A3 /* GoogleService-Info.plist */,
				6D806DAF1FAABD2500D80CC2 /* Docs */,
				6DCAFF071F9AC46F00D1311E /* AppDelegate.swift */,
				6D1896691FB6C5080087C3EC /* FoundingFatherViewController.swift */,
				6DCAFF0D1F9AC46F00D1311E /* Main.storyboard */,
				6D1896651FB6C4FB0087C3EC /* ChapterInfoViewController.swift */,
				6D1896641FB6C4FB0087C3EC /* ConstitutionWebViewViewController.swift */,
				6DCAFF101F9AC46F00D1311E /* Assets.xcassets */,
				6DCAFF121F9AC46F00D1311E /* LaunchScreen.storyboard */,
				6DCAFF151F9AC46F00D1311E /* Info.plist */,
				6D9A88801F9BCE820051B71F /* LoginController.swift */,
				6DD95E691F9D306400894B0F /* Tools.swift */,
				6D2E2E3C1FA67B0D001BF8D0 /* ForumViewController.swift */,
				6D806DAB1FAAB53F00D80CC2 /* MainConfig.plist */,
				6D806DAD1FAAB5F200D80CC2 /* Configuration.swift */,
				6DAC82A41FB2954F00D468B1 /* CalendarViewController.swift */,
				6DF68DB61FACD989006E0B76 /* CommentViewController.swift */,
				6D39D94C1FB27FFA001CE6D8 /* MembersViewController.swift */,
				6D39D94E1FB28093001CE6D8 /* MemberCollectionViewCell.swift */,
				6DE7156E1FB7A36E0061A7AC /* CreatePollViewController.swift */,
				6D5005EB1FC3D151007C21B5 /* PollViewResultsController.swift */,
				6DF7DC5D1FBA118700155E23 /* PollViewController.swift */,
				6D42ED631FCA0473003FFB07 /* CreatePostViewController.swift */,
				6D8352121FCF7E07007C495D /* CreateAccountViewController.swift */,
				6D2C8C471FD2409F00C62222 /* MasterControllsViewController.swift */,
				6D0372B31FD341AB00FDD947 /* HomePage.swift */,
			);
			path = "Greek Life";
			sourceTree = "<group>";
		};
		6DCAFF1D1F9AC46F00D1311E /* Greek LifeTests */ = {
			isa = PBXGroup;
			children = (
				6DCAFF1E1F9AC46F00D1311E /* Greek_LifeTests.swift */,
				6DCAFF201F9AC46F00D1311E /* Info.plist */,
			);
			path = "Greek LifeTests";
			sourceTree = "<group>";
		};
		6DCAFF281F9AC46F00D1311E /* Greek LifeUITests */ = {
			isa = PBXGroup;
			children = (
				6DCAFF291F9AC46F00D1311E /* Greek_LifeUITests.swift */,
				6DCAFF2B1F9AC46F00D1311E /* Info.plist */,
			);
			path = "Greek LifeUITests";
			sourceTree = "<group>";
		};
		7D3449A9A9B82DC26FFAC068 /* Pods */ = {
			isa = PBXGroup;
			children = (
				54075C3988D567332DE403D0 /* Pods-Greek Life.debug.xcconfig */,
				38B7D48EC2D33636B0CD21CB /* Pods-Greek Life.release.xcconfig */,
				51E2CF9D00CB950F66234C9B /* Pods-Greek LifeTests.debug.xcconfig */,
				ABC78943538C4DFF004622E8 /* Pods-Greek LifeTests.release.xcconfig */,
				14BDDA91D5412924863B843B /* Pods-Greek LifeUITests.debug.xcconfig */,
				A02B277DDDEBFA4F94517A05 /* Pods-Greek LifeUITests.release.xcconfig */,
			);
			name = Pods;
			sourceTree = "<group>";
		};
/* End PBXGroup section */

/* Begin PBXNativeTarget section */
		6DCAFF031F9AC46F00D1311E /* Greek Life */ = {
			isa = PBXNativeTarget;
			buildConfigurationList = 6DCAFF2E1F9AC46F00D1311E /* Build configuration list for PBXNativeTarget "Greek Life" */;
			buildPhases = (
				E3A48522C10B3823FA9A95F5 /* [CP] Check Pods Manifest.lock */,
				6DCAFF001F9AC46F00D1311E /* Sources */,
				6DCAFF011F9AC46F00D1311E /* Frameworks */,
				6DCAFF021F9AC46F00D1311E /* Resources */,
				C0E22426E22B1B353A895E66 /* [CP] Embed Pods Frameworks */,
				2A14486B4D495F2856E3B317 /* [CP] Copy Pods Resources */,
			);
			buildRules = (
			);
			dependencies = (
			);
			name = "Greek Life";
			productName = "Greek Life";
			productReference = 6DCAFF041F9AC46F00D1311E /* Greek Life.app */;
			productType = "com.apple.product-type.application";
		};
		6DCAFF191F9AC46F00D1311E /* Greek LifeTests */ = {
			isa = PBXNativeTarget;
			buildConfigurationList = 6DCAFF311F9AC46F00D1311E /* Build configuration list for PBXNativeTarget "Greek LifeTests" */;
			buildPhases = (
				C3B0D210C695FE67158708BB /* [CP] Check Pods Manifest.lock */,
				6DCAFF161F9AC46F00D1311E /* Sources */,
				6DCAFF171F9AC46F00D1311E /* Frameworks */,
				6DCAFF181F9AC46F00D1311E /* Resources */,
				CC55F8EE90091AA7A84796D8 /* [CP] Embed Pods Frameworks */,
				E530280181ADF36F45BBB16B /* [CP] Copy Pods Resources */,
			);
			buildRules = (
			);
			dependencies = (
				6DCAFF1C1F9AC46F00D1311E /* PBXTargetDependency */,
			);
			name = "Greek LifeTests";
			productName = "Greek LifeTests";
			productReference = 6DCAFF1A1F9AC46F00D1311E /* Greek LifeTests.xctest */;
			productType = "com.apple.product-type.bundle.unit-test";
		};
		6DCAFF241F9AC46F00D1311E /* Greek LifeUITests */ = {
			isa = PBXNativeTarget;
			buildConfigurationList = 6DCAFF341F9AC46F00D1311E /* Build configuration list for PBXNativeTarget "Greek LifeUITests" */;
			buildPhases = (
				A1B6FA3898B65F2AD0EE24C3 /* [CP] Check Pods Manifest.lock */,
				6DCAFF211F9AC46F00D1311E /* Sources */,
				6DCAFF221F9AC46F00D1311E /* Frameworks */,
				6DCAFF231F9AC46F00D1311E /* Resources */,
				A09E638ED39EDBC6BBE90405 /* [CP] Embed Pods Frameworks */,
				DE77B4AC15F3978B6A1FDA5D /* [CP] Copy Pods Resources */,
			);
			buildRules = (
			);
			dependencies = (
				6DCAFF271F9AC46F00D1311E /* PBXTargetDependency */,
			);
			name = "Greek LifeUITests";
			productName = "Greek LifeUITests";
			productReference = 6DCAFF251F9AC46F00D1311E /* Greek LifeUITests.xctest */;
			productType = "com.apple.product-type.bundle.ui-testing";
		};
/* End PBXNativeTarget section */

/* Begin PBXProject section */
		6DCAFEFC1F9AC46F00D1311E /* Project object */ = {
			isa = PBXProject;
			attributes = {
				LastSwiftUpdateCheck = 0830;
				LastUpgradeCheck = 0900;
				ORGANIZATIONNAME = ConcordiaDev;
				TargetAttributes = {
					6DCAFF031F9AC46F00D1311E = {
						CreatedOnToolsVersion = 8.3.3;
						DevelopmentTeam = LMRS4J25GR;
						ProvisioningStyle = Automatic;
					};
					6DCAFF191F9AC46F00D1311E = {
						CreatedOnToolsVersion = 8.3.3;
						DevelopmentTeam = LMRS4J25GR;
						ProvisioningStyle = Automatic;
						TestTargetID = 6DCAFF031F9AC46F00D1311E;
					};
					6DCAFF241F9AC46F00D1311E = {
						CreatedOnToolsVersion = 8.3.3;
						DevelopmentTeam = LMRS4J25GR;
						ProvisioningStyle = Automatic;
						TestTargetID = 6DCAFF031F9AC46F00D1311E;
					};
				};
			};
			buildConfigurationList = 6DCAFEFF1F9AC46F00D1311E /* Build configuration list for PBXProject "Greek Life" */;
			compatibilityVersion = "Xcode 3.2";
			developmentRegion = English;
			hasScannedForEncodings = 0;
			knownRegions = (
				en,
				Base,
			);
			mainGroup = 6DCAFEFB1F9AC46F00D1311E;
			productRefGroup = 6DCAFF051F9AC46F00D1311E /* Products */;
			projectDirPath = "";
			projectRoot = "";
			targets = (
				6DCAFF031F9AC46F00D1311E /* Greek Life */,
				6DCAFF191F9AC46F00D1311E /* Greek LifeTests */,
				6DCAFF241F9AC46F00D1311E /* Greek LifeUITests */,
			);
		};
/* End PBXProject section */

/* Begin PBXResourcesBuildPhase section */
		6DCAFF021F9AC46F00D1311E /* Resources */ = {
			isa = PBXResourcesBuildPhase;
			buildActionMask = 2147483647;
			files = (
				6DCAFF141F9AC46F00D1311E /* LaunchScreen.storyboard in Resources */,
				6D806DB01FAABD2500D80CC2 /* Docs in Resources */,
				6D95B7AC1F9AC72D004EC3A3 /* GoogleService-Info.plist in Resources */,
				6DF4D1331FA28F5400EA86E8 /* Icons in Resources */,
				6D806DAC1FAAB53F00D80CC2 /* MainConfig.plist in Resources */,
				6DCAFF111F9AC46F00D1311E /* Assets.xcassets in Resources */,
				6DCAFF0F1F9AC46F00D1311E /* Main.storyboard in Resources */,
			);
			runOnlyForDeploymentPostprocessing = 0;
		};
		6DCAFF181F9AC46F00D1311E /* Resources */ = {
			isa = PBXResourcesBuildPhase;
			buildActionMask = 2147483647;
			files = (
				6D95B7AD1F9AC72D004EC3A3 /* GoogleService-Info.plist in Resources */,
			);
			runOnlyForDeploymentPostprocessing = 0;
		};
		6DCAFF231F9AC46F00D1311E /* Resources */ = {
			isa = PBXResourcesBuildPhase;
			buildActionMask = 2147483647;
			files = (
				6D95B7AE1F9AC72D004EC3A3 /* GoogleService-Info.plist in Resources */,
			);
			runOnlyForDeploymentPostprocessing = 0;
		};
/* End PBXResourcesBuildPhase section */

/* Begin PBXShellScriptBuildPhase section */
		2A14486B4D495F2856E3B317 /* [CP] Copy Pods Resources */ = {
			isa = PBXShellScriptBuildPhase;
			buildActionMask = 2147483647;
			files = (
			);
			inputPaths = (
			);
			name = "[CP] Copy Pods Resources";
			outputPaths = (
			);
			runOnlyForDeploymentPostprocessing = 0;
			shellPath = /bin/sh;
			shellScript = "\"${SRCROOT}/Pods/Target Support Files/Pods-Greek Life/Pods-Greek Life-resources.sh\"\n";
			showEnvVarsInLog = 0;
		};
		A09E638ED39EDBC6BBE90405 /* [CP] Embed Pods Frameworks */ = {
			isa = PBXShellScriptBuildPhase;
			buildActionMask = 2147483647;
			files = (
			);
			inputPaths = (
			);
			name = "[CP] Embed Pods Frameworks";
			outputPaths = (
			);
			runOnlyForDeploymentPostprocessing = 0;
			shellPath = /bin/sh;
			shellScript = "\"${SRCROOT}/Pods/Target Support Files/Pods-Greek LifeUITests/Pods-Greek LifeUITests-frameworks.sh\"\n";
			showEnvVarsInLog = 0;
		};
		A1B6FA3898B65F2AD0EE24C3 /* [CP] Check Pods Manifest.lock */ = {
			isa = PBXShellScriptBuildPhase;
			buildActionMask = 2147483647;
			files = (
			);
			inputPaths = (
				"${PODS_PODFILE_DIR_PATH}/Podfile.lock",
				"${PODS_ROOT}/Manifest.lock",
			);
			name = "[CP] Check Pods Manifest.lock";
			outputPaths = (
				"$(DERIVED_FILE_DIR)/Pods-Greek LifeUITests-checkManifestLockResult.txt",
			);
			runOnlyForDeploymentPostprocessing = 0;
			shellPath = /bin/sh;
			shellScript = "diff \"${PODS_PODFILE_DIR_PATH}/Podfile.lock\" \"${PODS_ROOT}/Manifest.lock\" > /dev/null\nif [ $? != 0 ] ; then\n    # print error to STDERR\n    echo \"error: The sandbox is not in sync with the Podfile.lock. Run 'pod install' or update your CocoaPods installation.\" >&2\n    exit 1\nfi\n# This output is used by Xcode 'outputs' to avoid re-running this script phase.\necho \"SUCCESS\" > \"${SCRIPT_OUTPUT_FILE_0}\"\n";
			showEnvVarsInLog = 0;
		};
		C0E22426E22B1B353A895E66 /* [CP] Embed Pods Frameworks */ = {
			isa = PBXShellScriptBuildPhase;
			buildActionMask = 2147483647;
			files = (
			);
			inputPaths = (
				"${SRCROOT}/Pods/Target Support Files/Pods-Greek Life/Pods-Greek Life-frameworks.sh",
				"${BUILT_PRODUCTS_DIR}/GTMSessionFetcher/GTMSessionFetcher.framework",
				"${BUILT_PRODUCTS_DIR}/GoogleToolboxForMac/GoogleToolboxForMac.framework",
				"${BUILT_PRODUCTS_DIR}/IQKeyboardManagerSwift/IQKeyboardManagerSwift.framework",
				"${BUILT_PRODUCTS_DIR}/leveldb-library/leveldb.framework",
				"${BUILT_PRODUCTS_DIR}/nanopb/nanopb.framework",
			);
			name = "[CP] Embed Pods Frameworks";
			outputPaths = (
				"${TARGET_BUILD_DIR}/${FRAMEWORKS_FOLDER_PATH}/GTMSessionFetcher.framework",
				"${TARGET_BUILD_DIR}/${FRAMEWORKS_FOLDER_PATH}/GoogleToolboxForMac.framework",
				"${TARGET_BUILD_DIR}/${FRAMEWORKS_FOLDER_PATH}/IQKeyboardManagerSwift.framework",
				"${TARGET_BUILD_DIR}/${FRAMEWORKS_FOLDER_PATH}/leveldb.framework",
				"${TARGET_BUILD_DIR}/${FRAMEWORKS_FOLDER_PATH}/nanopb.framework",
			);
			runOnlyForDeploymentPostprocessing = 0;
			shellPath = /bin/sh;
			shellScript = "\"${SRCROOT}/Pods/Target Support Files/Pods-Greek Life/Pods-Greek Life-frameworks.sh\"\n";
			showEnvVarsInLog = 0;
		};
		C3B0D210C695FE67158708BB /* [CP] Check Pods Manifest.lock */ = {
			isa = PBXShellScriptBuildPhase;
			buildActionMask = 2147483647;
			files = (
			);
			inputPaths = (
				"${PODS_PODFILE_DIR_PATH}/Podfile.lock",
				"${PODS_ROOT}/Manifest.lock",
			);
			name = "[CP] Check Pods Manifest.lock";
			outputPaths = (
				"$(DERIVED_FILE_DIR)/Pods-Greek LifeTests-checkManifestLockResult.txt",
			);
			runOnlyForDeploymentPostprocessing = 0;
			shellPath = /bin/sh;
			shellScript = "diff \"${PODS_PODFILE_DIR_PATH}/Podfile.lock\" \"${PODS_ROOT}/Manifest.lock\" > /dev/null\nif [ $? != 0 ] ; then\n    # print error to STDERR\n    echo \"error: The sandbox is not in sync with the Podfile.lock. Run 'pod install' or update your CocoaPods installation.\" >&2\n    exit 1\nfi\n# This output is used by Xcode 'outputs' to avoid re-running this script phase.\necho \"SUCCESS\" > \"${SCRIPT_OUTPUT_FILE_0}\"\n";
			showEnvVarsInLog = 0;
		};
		CC55F8EE90091AA7A84796D8 /* [CP] Embed Pods Frameworks */ = {
			isa = PBXShellScriptBuildPhase;
			buildActionMask = 2147483647;
			files = (
			);
			inputPaths = (
				"${SRCROOT}/Pods/Target Support Files/Pods-Greek LifeTests/Pods-Greek LifeTests-frameworks.sh",
				"${BUILT_PRODUCTS_DIR}/GTMSessionFetcher/GTMSessionFetcher.framework",
				"${BUILT_PRODUCTS_DIR}/GoogleToolboxForMac/GoogleToolboxForMac.framework",
				"${BUILT_PRODUCTS_DIR}/leveldb-library/leveldb.framework",
				"${BUILT_PRODUCTS_DIR}/nanopb/nanopb.framework",
			);
			name = "[CP] Embed Pods Frameworks";
			outputPaths = (
				"${TARGET_BUILD_DIR}/${FRAMEWORKS_FOLDER_PATH}/GTMSessionFetcher.framework",
				"${TARGET_BUILD_DIR}/${FRAMEWORKS_FOLDER_PATH}/GoogleToolboxForMac.framework",
				"${TARGET_BUILD_DIR}/${FRAMEWORKS_FOLDER_PATH}/leveldb.framework",
				"${TARGET_BUILD_DIR}/${FRAMEWORKS_FOLDER_PATH}/nanopb.framework",
			);
			runOnlyForDeploymentPostprocessing = 0;
			shellPath = /bin/sh;
			shellScript = "\"${SRCROOT}/Pods/Target Support Files/Pods-Greek LifeTests/Pods-Greek LifeTests-frameworks.sh\"\n";
			showEnvVarsInLog = 0;
		};
		DE77B4AC15F3978B6A1FDA5D /* [CP] Copy Pods Resources */ = {
			isa = PBXShellScriptBuildPhase;
			buildActionMask = 2147483647;
			files = (
			);
			inputPaths = (
			);
			name = "[CP] Copy Pods Resources";
			outputPaths = (
			);
			runOnlyForDeploymentPostprocessing = 0;
			shellPath = /bin/sh;
			shellScript = "\"${SRCROOT}/Pods/Target Support Files/Pods-Greek LifeUITests/Pods-Greek LifeUITests-resources.sh\"\n";
			showEnvVarsInLog = 0;
		};
		E3A48522C10B3823FA9A95F5 /* [CP] Check Pods Manifest.lock */ = {
			isa = PBXShellScriptBuildPhase;
			buildActionMask = 2147483647;
			files = (
			);
			inputPaths = (
				"${PODS_PODFILE_DIR_PATH}/Podfile.lock",
				"${PODS_ROOT}/Manifest.lock",
			);
			name = "[CP] Check Pods Manifest.lock";
			outputPaths = (
				"$(DERIVED_FILE_DIR)/Pods-Greek Life-checkManifestLockResult.txt",
			);
			runOnlyForDeploymentPostprocessing = 0;
			shellPath = /bin/sh;
			shellScript = "diff \"${PODS_PODFILE_DIR_PATH}/Podfile.lock\" \"${PODS_ROOT}/Manifest.lock\" > /dev/null\nif [ $? != 0 ] ; then\n    # print error to STDERR\n    echo \"error: The sandbox is not in sync with the Podfile.lock. Run 'pod install' or update your CocoaPods installation.\" >&2\n    exit 1\nfi\n# This output is used by Xcode 'outputs' to avoid re-running this script phase.\necho \"SUCCESS\" > \"${SCRIPT_OUTPUT_FILE_0}\"\n";
			showEnvVarsInLog = 0;
		};
		E530280181ADF36F45BBB16B /* [CP] Copy Pods Resources */ = {
			isa = PBXShellScriptBuildPhase;
			buildActionMask = 2147483647;
			files = (
			);
			inputPaths = (
			);
			name = "[CP] Copy Pods Resources";
			outputPaths = (
			);
			runOnlyForDeploymentPostprocessing = 0;
			shellPath = /bin/sh;
			shellScript = "\"${SRCROOT}/Pods/Target Support Files/Pods-Greek LifeTests/Pods-Greek LifeTests-resources.sh\"\n";
			showEnvVarsInLog = 0;
		};
/* End PBXShellScriptBuildPhase section */

/* Begin PBXSourcesBuildPhase section */
		6DCAFF001F9AC46F00D1311E /* Sources */ = {
			isa = PBXSourcesBuildPhase;
			buildActionMask = 2147483647;
			files = (
				6D18966B1FB6C5080087C3EC /* FoundingFatherViewController.swift in Sources */,
				6D1896671FB6C4FB0087C3EC /* ChapterInfoViewController.swift in Sources */,
				6DAC82A61FB2954F00D468B1 /* CalendarViewController.swift in Sources */,
				6DD95E6A1F9D306400894B0F /* Tools.swift in Sources */,
				6D39D94D1FB27FFA001CE6D8 /* MembersViewController.swift in Sources */,
				6D806DAE1FAAB5F200D80CC2 /* Configuration.swift in Sources */,
				6DF7DC5E1FBA118700155E23 /* PollViewController.swift in Sources */,
				6D1896661FB6C4FB0087C3EC /* ConstitutionWebViewViewController.swift in Sources */,
				6D2C8C481FD2409F00C62222 /* MasterControllsViewController.swift in Sources */,
				6D39D94F1FB28093001CE6D8 /* MemberCollectionViewCell.swift in Sources */,
				6D9A88811F9BCE820051B71F /* LoginController.swift in Sources */,
				6D8352131FCF7E07007C495D /* CreateAccountViewController.swift in Sources */,
				6DCAFF081F9AC46F00D1311E /* AppDelegate.swift in Sources */,
				6D2E2E3D1FA67B0D001BF8D0 /* ForumViewController.swift in Sources */,
				6D5005EC1FC3D151007C21B5 /* PollViewResultsController.swift in Sources */,
				6DE7156F1FB7A36E0061A7AC /* CreatePollViewController.swift in Sources */,
				6D42ED641FCA0473003FFB07 /* CreatePostViewController.swift in Sources */,
				6D0372B41FD341AB00FDD947 /* HomePage.swift in Sources */,
				6DF68DB71FACD989006E0B76 /* CommentViewController.swift in Sources */,
			);
			runOnlyForDeploymentPostprocessing = 0;
		};
		6DCAFF161F9AC46F00D1311E /* Sources */ = {
			isa = PBXSourcesBuildPhase;
			buildActionMask = 2147483647;
			files = (
				6DCAFF1F1F9AC46F00D1311E /* Greek_LifeTests.swift in Sources */,
			);
			runOnlyForDeploymentPostprocessing = 0;
		};
		6DCAFF211F9AC46F00D1311E /* Sources */ = {
			isa = PBXSourcesBuildPhase;
			buildActionMask = 2147483647;
			files = (
				6DCAFF2A1F9AC46F00D1311E /* Greek_LifeUITests.swift in Sources */,
			);
			runOnlyForDeploymentPostprocessing = 0;
		};
/* End PBXSourcesBuildPhase section */

/* Begin PBXTargetDependency section */
		6DCAFF1C1F9AC46F00D1311E /* PBXTargetDependency */ = {
			isa = PBXTargetDependency;
			target = 6DCAFF031F9AC46F00D1311E /* Greek Life */;
			targetProxy = 6DCAFF1B1F9AC46F00D1311E /* PBXContainerItemProxy */;
		};
		6DCAFF271F9AC46F00D1311E /* PBXTargetDependency */ = {
			isa = PBXTargetDependency;
			target = 6DCAFF031F9AC46F00D1311E /* Greek Life */;
			targetProxy = 6DCAFF261F9AC46F00D1311E /* PBXContainerItemProxy */;
		};
/* End PBXTargetDependency section */

/* Begin PBXVariantGroup section */
		6DCAFF0D1F9AC46F00D1311E /* Main.storyboard */ = {
			isa = PBXVariantGroup;
			children = (
				6DCAFF0E1F9AC46F00D1311E /* Base */,
			);
			name = Main.storyboard;
			sourceTree = "<group>";
		};
		6DCAFF121F9AC46F00D1311E /* LaunchScreen.storyboard */ = {
			isa = PBXVariantGroup;
			children = (
				6DCAFF131F9AC46F00D1311E /* Base */,
			);
			name = LaunchScreen.storyboard;
			sourceTree = "<group>";
		};
/* End PBXVariantGroup section */

/* Begin XCBuildConfiguration section */
		6DCAFF2C1F9AC46F00D1311E /* Debug */ = {
			isa = XCBuildConfiguration;
			buildSettings = {
				ALWAYS_SEARCH_USER_PATHS = NO;
				CLANG_ANALYZER_NONNULL = YES;
				CLANG_ANALYZER_NUMBER_OBJECT_CONVERSION = YES_AGGRESSIVE;
				CLANG_CXX_LANGUAGE_STANDARD = "gnu++0x";
				CLANG_CXX_LIBRARY = "libc++";
				CLANG_ENABLE_MODULES = YES;
				CLANG_ENABLE_OBJC_ARC = YES;
				CLANG_WARN_BLOCK_CAPTURE_AUTORELEASING = YES;
				CLANG_WARN_BOOL_CONVERSION = YES;
				CLANG_WARN_COMMA = YES;
				CLANG_WARN_CONSTANT_CONVERSION = YES;
				CLANG_WARN_DIRECT_OBJC_ISA_USAGE = YES_ERROR;
				CLANG_WARN_DOCUMENTATION_COMMENTS = YES;
				CLANG_WARN_EMPTY_BODY = YES;
				CLANG_WARN_ENUM_CONVERSION = YES;
				CLANG_WARN_INFINITE_RECURSION = YES;
				CLANG_WARN_INT_CONVERSION = YES;
				CLANG_WARN_NON_LITERAL_NULL_CONVERSION = YES;
				CLANG_WARN_OBJC_LITERAL_CONVERSION = YES;
				CLANG_WARN_OBJC_ROOT_CLASS = YES_ERROR;
				CLANG_WARN_RANGE_LOOP_ANALYSIS = YES;
				CLANG_WARN_STRICT_PROTOTYPES = YES;
				CLANG_WARN_SUSPICIOUS_MOVE = YES;
				CLANG_WARN_UNREACHABLE_CODE = YES;
				CLANG_WARN__DUPLICATE_METHOD_MATCH = YES;
				"CODE_SIGN_IDENTITY[sdk=iphoneos*]" = "iPhone Developer";
				COPY_PHASE_STRIP = NO;
				DEBUG_INFORMATION_FORMAT = dwarf;
				ENABLE_STRICT_OBJC_MSGSEND = YES;
				ENABLE_TESTABILITY = YES;
				GCC_C_LANGUAGE_STANDARD = gnu99;
				GCC_DYNAMIC_NO_PIC = NO;
				GCC_NO_COMMON_BLOCKS = YES;
				GCC_OPTIMIZATION_LEVEL = 0;
				GCC_PREPROCESSOR_DEFINITIONS = (
					"DEBUG=1",
					"$(inherited)",
				);
				GCC_WARN_64_TO_32_BIT_CONVERSION = YES;
				GCC_WARN_ABOUT_RETURN_TYPE = YES_ERROR;
				GCC_WARN_UNDECLARED_SELECTOR = YES;
				GCC_WARN_UNINITIALIZED_AUTOS = YES_AGGRESSIVE;
				GCC_WARN_UNUSED_FUNCTION = YES;
				GCC_WARN_UNUSED_VARIABLE = YES;
				IPHONEOS_DEPLOYMENT_TARGET = 10.3;
				MTL_ENABLE_DEBUG_INFO = YES;
				ONLY_ACTIVE_ARCH = YES;
				SDKROOT = iphoneos;
				SWIFT_ACTIVE_COMPILATION_CONDITIONS = DEBUG;
				SWIFT_OPTIMIZATION_LEVEL = "-Onone";
				TARGETED_DEVICE_FAMILY = "1,2";
			};
			name = Debug;
		};
		6DCAFF2D1F9AC46F00D1311E /* Release */ = {
			isa = XCBuildConfiguration;
			buildSettings = {
				ALWAYS_SEARCH_USER_PATHS = NO;
				CLANG_ANALYZER_NONNULL = YES;
				CLANG_ANALYZER_NUMBER_OBJECT_CONVERSION = YES_AGGRESSIVE;
				CLANG_CXX_LANGUAGE_STANDARD = "gnu++0x";
				CLANG_CXX_LIBRARY = "libc++";
				CLANG_ENABLE_MODULES = YES;
				CLANG_ENABLE_OBJC_ARC = YES;
				CLANG_WARN_BLOCK_CAPTURE_AUTORELEASING = YES;
				CLANG_WARN_BOOL_CONVERSION = YES;
				CLANG_WARN_COMMA = YES;
				CLANG_WARN_CONSTANT_CONVERSION = YES;
				CLANG_WARN_DIRECT_OBJC_ISA_USAGE = YES_ERROR;
				CLANG_WARN_DOCUMENTATION_COMMENTS = YES;
				CLANG_WARN_EMPTY_BODY = YES;
				CLANG_WARN_ENUM_CONVERSION = YES;
				CLANG_WARN_INFINITE_RECURSION = YES;
				CLANG_WARN_INT_CONVERSION = YES;
				CLANG_WARN_NON_LITERAL_NULL_CONVERSION = YES;
				CLANG_WARN_OBJC_LITERAL_CONVERSION = YES;
				CLANG_WARN_OBJC_ROOT_CLASS = YES_ERROR;
				CLANG_WARN_RANGE_LOOP_ANALYSIS = YES;
				CLANG_WARN_STRICT_PROTOTYPES = YES;
				CLANG_WARN_SUSPICIOUS_MOVE = YES;
				CLANG_WARN_UNREACHABLE_CODE = YES;
				CLANG_WARN__DUPLICATE_METHOD_MATCH = YES;
				"CODE_SIGN_IDENTITY[sdk=iphoneos*]" = "iPhone Developer";
				COPY_PHASE_STRIP = NO;
				DEBUG_INFORMATION_FORMAT = "dwarf-with-dsym";
				ENABLE_NS_ASSERTIONS = NO;
				ENABLE_STRICT_OBJC_MSGSEND = YES;
				GCC_C_LANGUAGE_STANDARD = gnu99;
				GCC_NO_COMMON_BLOCKS = YES;
				GCC_WARN_64_TO_32_BIT_CONVERSION = YES;
				GCC_WARN_ABOUT_RETURN_TYPE = YES_ERROR;
				GCC_WARN_UNDECLARED_SELECTOR = YES;
				GCC_WARN_UNINITIALIZED_AUTOS = YES_AGGRESSIVE;
				GCC_WARN_UNUSED_FUNCTION = YES;
				GCC_WARN_UNUSED_VARIABLE = YES;
				IPHONEOS_DEPLOYMENT_TARGET = 10.3;
				MTL_ENABLE_DEBUG_INFO = NO;
				SDKROOT = iphoneos;
				SWIFT_OPTIMIZATION_LEVEL = "-Owholemodule";
				TARGETED_DEVICE_FAMILY = "1,2";
				VALIDATE_PRODUCT = YES;
			};
			name = Release;
		};
		6DCAFF2F1F9AC46F00D1311E /* Debug */ = {
			isa = XCBuildConfiguration;
			baseConfigurationReference = 54075C3988D567332DE403D0 /* Pods-Greek Life.debug.xcconfig */;
			buildSettings = {
				ASSETCATALOG_COMPILER_APPICON_NAME = AppIcon;
				DEVELOPMENT_TEAM = LMRS4J25GR;
				INFOPLIST_FILE = "Greek Life/Info.plist";
				LD_RUNPATH_SEARCH_PATHS = "$(inherited) @executable_path/Frameworks";
				PRODUCT_BUNDLE_IDENTIFIER = "GL.Greek-Life";
				PRODUCT_NAME = "$(TARGET_NAME)";
				SWIFT_VERSION = 3.0;
			};
			name = Debug;
		};
		6DCAFF301F9AC46F00D1311E /* Release */ = {
			isa = XCBuildConfiguration;
			baseConfigurationReference = 38B7D48EC2D33636B0CD21CB /* Pods-Greek Life.release.xcconfig */;
			buildSettings = {
				ASSETCATALOG_COMPILER_APPICON_NAME = AppIcon;
				DEVELOPMENT_TEAM = LMRS4J25GR;
				INFOPLIST_FILE = "Greek Life/Info.plist";
				LD_RUNPATH_SEARCH_PATHS = "$(inherited) @executable_path/Frameworks";
				PRODUCT_BUNDLE_IDENTIFIER = "GL.Greek-Life";
				PRODUCT_NAME = "$(TARGET_NAME)";
				SWIFT_VERSION = 3.0;
			};
			name = Release;
		};
		6DCAFF321F9AC46F00D1311E /* Debug */ = {
			isa = XCBuildConfiguration;
			baseConfigurationReference = 51E2CF9D00CB950F66234C9B /* Pods-Greek LifeTests.debug.xcconfig */;
			buildSettings = {
				ALWAYS_EMBED_SWIFT_STANDARD_LIBRARIES = YES;
				BUNDLE_LOADER = "$(TEST_HOST)";
				DEVELOPMENT_TEAM = LMRS4J25GR;
				INFOPLIST_FILE = "Greek LifeTests/Info.plist";
				LD_RUNPATH_SEARCH_PATHS = "$(inherited) @executable_path/Frameworks @loader_path/Frameworks";
				PRODUCT_BUNDLE_IDENTIFIER = "GL.Greek-LifeTests";
				PRODUCT_NAME = "$(TARGET_NAME)";
				SWIFT_VERSION = 3.0;
				TEST_HOST = "$(BUILT_PRODUCTS_DIR)/Greek Life.app/Greek Life";
			};
			name = Debug;
		};
		6DCAFF331F9AC46F00D1311E /* Release */ = {
			isa = XCBuildConfiguration;
			baseConfigurationReference = ABC78943538C4DFF004622E8 /* Pods-Greek LifeTests.release.xcconfig */;
			buildSettings = {
				ALWAYS_EMBED_SWIFT_STANDARD_LIBRARIES = YES;
				BUNDLE_LOADER = "$(TEST_HOST)";
				DEVELOPMENT_TEAM = LMRS4J25GR;
				INFOPLIST_FILE = "Greek LifeTests/Info.plist";
				LD_RUNPATH_SEARCH_PATHS = "$(inherited) @executable_path/Frameworks @loader_path/Frameworks";
				PRODUCT_BUNDLE_IDENTIFIER = "GL.Greek-LifeTests";
				PRODUCT_NAME = "$(TARGET_NAME)";
				SWIFT_VERSION = 3.0;
				TEST_HOST = "$(BUILT_PRODUCTS_DIR)/Greek Life.app/Greek Life";
			};
			name = Release;
		};
		6DCAFF351F9AC46F00D1311E /* Debug */ = {
			isa = XCBuildConfiguration;
			baseConfigurationReference = 14BDDA91D5412924863B843B /* Pods-Greek LifeUITests.debug.xcconfig */;
			buildSettings = {
				ALWAYS_EMBED_SWIFT_STANDARD_LIBRARIES = YES;
				DEVELOPMENT_TEAM = LMRS4J25GR;
				INFOPLIST_FILE = "Greek LifeUITests/Info.plist";
				LD_RUNPATH_SEARCH_PATHS = "$(inherited) @executable_path/Frameworks @loader_path/Frameworks";
				PRODUCT_BUNDLE_IDENTIFIER = "GL.Greek-LifeUITests";
				PRODUCT_NAME = "$(TARGET_NAME)";
				SWIFT_VERSION = 3.0;
				TEST_TARGET_NAME = "Greek Life";
			};
			name = Debug;
		};
		6DCAFF361F9AC46F00D1311E /* Release */ = {
			isa = XCBuildConfiguration;
			baseConfigurationReference = A02B277DDDEBFA4F94517A05 /* Pods-Greek LifeUITests.release.xcconfig */;
			buildSettings = {
				ALWAYS_EMBED_SWIFT_STANDARD_LIBRARIES = YES;
				DEVELOPMENT_TEAM = LMRS4J25GR;
				INFOPLIST_FILE = "Greek LifeUITests/Info.plist";
				LD_RUNPATH_SEARCH_PATHS = "$(inherited) @executable_path/Frameworks @loader_path/Frameworks";
				PRODUCT_BUNDLE_IDENTIFIER = "GL.Greek-LifeUITests";
				PRODUCT_NAME = "$(TARGET_NAME)";
				SWIFT_VERSION = 3.0;
				TEST_TARGET_NAME = "Greek Life";
			};
			name = Release;
		};
/* End XCBuildConfiguration section */

/* Begin XCConfigurationList section */
		6DCAFEFF1F9AC46F00D1311E /* Build configuration list for PBXProject "Greek Life" */ = {
			isa = XCConfigurationList;
			buildConfigurations = (
				6DCAFF2C1F9AC46F00D1311E /* Debug */,
				6DCAFF2D1F9AC46F00D1311E /* Release */,
			);
			defaultConfigurationIsVisible = 0;
			defaultConfigurationName = Release;
		};
		6DCAFF2E1F9AC46F00D1311E /* Build configuration list for PBXNativeTarget "Greek Life" */ = {
			isa = XCConfigurationList;
			buildConfigurations = (
				6DCAFF2F1F9AC46F00D1311E /* Debug */,
				6DCAFF301F9AC46F00D1311E /* Release */,
			);
			defaultConfigurationIsVisible = 0;
			defaultConfigurationName = Release;
		};
		6DCAFF311F9AC46F00D1311E /* Build configuration list for PBXNativeTarget "Greek LifeTests" */ = {
			isa = XCConfigurationList;
			buildConfigurations = (
				6DCAFF321F9AC46F00D1311E /* Debug */,
				6DCAFF331F9AC46F00D1311E /* Release */,
			);
			defaultConfigurationIsVisible = 0;
			defaultConfigurationName = Release;
		};
		6DCAFF341F9AC46F00D1311E /* Build configuration list for PBXNativeTarget "Greek LifeUITests" */ = {
			isa = XCConfigurationList;
			buildConfigurations = (
				6DCAFF351F9AC46F00D1311E /* Debug */,
				6DCAFF361F9AC46F00D1311E /* Release */,
			);
			defaultConfigurationIsVisible = 0;
			defaultConfigurationName = Release;
		};
/* End XCConfigurationList section */
	};
	rootObject = 6DCAFEFC1F9AC46F00D1311E /* Project object */;
}
